
Microsoft Visual Studio Solution File, Format Version 12.00
# Visual Studio Version 17
VisualStudioVersion = 17.13.35825.156 d17.13
MinimumVisualStudioVersion = 10.0.40219.1
Project("{FAE04EC0-301F-11D3-BF4B-00C04F79EFBC}") = "Tugas PBO", "Tugas PBO\Tugas PBO.csproj", "{D725CFBF-5D87-451A-A935-1306A44138FE}"
EndProject
Global
	GlobalSection(SolutionConfigurationPlatforms) = preSolution
		Debug|Any CPU = Debug|Any CPU
		Release|Any CPU = Release|Any CPU
	EndGlobalSection
	GlobalSection(ProjectConfigurationPlatforms) = postSolution
		{D725CFBF-5D87-451A-A935-1306A44138FE}.Debug|Any CPU.ActiveCfg = Debug|Any CPU
		{D725CFBF-5D87-451A-A935-1306A44138FE}.Debug|Any CPU.Build.0 = Debug|Any CPU
		{D725CFBF-5D87-451A-A935-1306A44138FE}.Release|Any CPU.ActiveCfg = Release|Any CPU
		{D725CFBF-5D87-451A-A935-1306A44138FE}.Release|Any CPU.Build.0 = Release|Any CPU
	EndGlobalSection
	GlobalSection(SolutionProperties) = preSolution
		HideSolutionNode = FALSE
	EndGlobalSection
	GlobalSection(ExtensibilityGlobals) = postSolution
		SolutionGuid = {098C9674-F265-46EE-A9FE-8C2C7AC026C6}
	EndGlobalSection
EndGlobal
